// !$*UTF8*$!
{
	archiveVersion = 1;
	classes = {
	};
	objectVersion = 56;
	objects = {

/* Begin PBXBuildFile section */
		A2102743299504A00007C524 /* AppDelegate.swift in Sources */ = {isa = PBXBuildFile; fileRef = A2102742299504A00007C524 /* AppDelegate.swift */; };
		A2102745299504A00007C524 /* SceneDelegate.swift in Sources */ = {isa = PBXBuildFile; fileRef = A2102744299504A00007C524 /* SceneDelegate.swift */; };
		A2102747299504A00007C524 /* ViewController.swift in Sources */ = {isa = PBXBuildFile; fileRef = A2102746299504A00007C524 /* ViewController.swift */; };
		A210274A299504A00007C524 /* Main.storyboard in Resources */ = {isa = PBXBuildFile; fileRef = A2102748299504A00007C524 /* Main.storyboard */; };
		A210274C299504A10007C524 /* Assets.xcassets in Resources */ = {isa = PBXBuildFile; fileRef = A210274B299504A10007C524 /* Assets.xcassets */; };
		A210274F299504A10007C524 /* LaunchScreen.storyboard in Resources */ = {isa = PBXBuildFile; fileRef = A210274D299504A10007C524 /* LaunchScreen.storyboard */; };
		A210275929952C260007C524 /* NetworkManager.swift in Sources */ = {isa = PBXBuildFile; fileRef = A210275829952C260007C524 /* NetworkManager.swift */; };
		A210275B29952C330007C524 /* NetworkHelper.swift in Sources */ = {isa = PBXBuildFile; fileRef = A210275A29952C330007C524 /* NetworkHelper.swift */; };
		A258A59D2997E34500991838 /* Coordinator.swift in Sources */ = {isa = PBXBuildFile; fileRef = A258A59C2997E34500991838 /* Coordinator.swift */; };
		A258A59F2997E39200991838 /* Storyboarded.swift in Sources */ = {isa = PBXBuildFile; fileRef = A258A59E2997E39200991838 /* Storyboarded.swift */; };
/* End PBXBuildFile section */

/* Begin PBXFileReference section */
		A210273F299504A00007C524 /* iDeliver.app */ = {isa = PBXFileReference; explicitFileType = wrapper.application; includeInIndex = 0; path = iDeliver.app; sourceTree = BUILT_PRODUCTS_DIR; };
		A2102742299504A00007C524 /* AppDelegate.swift */ = {isa = PBXFileReference; lastKnownFileType = sourcecode.swift; path = AppDelegate.swift; sourceTree = "<group>"; };
		A2102744299504A00007C524 /* SceneDelegate.swift */ = {isa = PBXFileReference; lastKnownFileType = sourcecode.swift; path = SceneDelegate.swift; sourceTree = "<group>"; };
		A2102746299504A00007C524 /* ViewController.swift */ = {isa = PBXFileReference; lastKnownFileType = sourcecode.swift; path = ViewController.swift; sourceTree = "<group>"; };
		A2102749299504A00007C524 /* Base */ = {isa = PBXFileReference; lastKnownFileType = file.storyboard; name = Base; path = Base.lproj/Main.storyboard; sourceTree = "<group>"; };
		A210274B299504A10007C524 /* Assets.xcassets */ = {isa = PBXFileReference; lastKnownFileType = folder.assetcatalog; path = Assets.xcassets; sourceTree = "<group>"; };
		A210274E299504A10007C524 /* Base */ = {isa = PBXFileReference; lastKnownFileType = file.storyboard; name = Base; path = Base.lproj/LaunchScreen.storyboard; sourceTree = "<group>"; };
		A2102750299504A10007C524 /* Info.plist */ = {isa = PBXFileReference; lastKnownFileType = text.plist.xml; path = Info.plist; sourceTree = "<group>"; };
		A210275829952C260007C524 /* NetworkManager.swift */ = {isa = PBXFileReference; lastKnownFileType = sourcecode.swift; path = NetworkManager.swift; sourceTree = "<group>"; };
		A210275A29952C330007C524 /* NetworkHelper.swift */ = {isa = PBXFileReference; lastKnownFileType = sourcecode.swift; path = NetworkHelper.swift; sourceTree = "<group>"; };
		A258A59C2997E34500991838 /* Coordinator.swift */ = {isa = PBXFileReference; lastKnownFileType = sourcecode.swift; path = Coordinator.swift; sourceTree = "<group>"; };
		A258A59E2997E39200991838 /* Storyboarded.swift */ = {isa = PBXFileReference; lastKnownFileType = sourcecode.swift; path = Storyboarded.swift; sourceTree = "<group>"; };
/* End PBXFileReference section */

/* Begin PBXFrameworksBuildPhase section */
		A210273C299504A00007C524 /* Frameworks */ = {
			isa = PBXFrameworksBuildPhase;
			buildActionMask = 2147483647;
			files = (
			);
			runOnlyForDeploymentPostprocessing = 0;
		};
/* End PBXFrameworksBuildPhase section */

/* Begin PBXGroup section */
		A2102736299504A00007C524 = {
			isa = PBXGroup;
			children = (
				A2102741299504A00007C524 /* iDeliver */,
				A2102740299504A00007C524 /* Products */,
			);
			sourceTree = "<group>";
		};
		A2102740299504A00007C524 /* Products */ = {
			isa = PBXGroup;
			children = (
				A210273F299504A00007C524 /* iDeliver.app */,
			);
			name = Products;
			sourceTree = "<group>";
		};
		A2102741299504A00007C524 /* iDeliver */ = {
			isa = PBXGroup;
			children = (
				A269DBF229D1A6E500131CEE /* App */,
				A258A59A2997DE1E00991838 /* Coordinator */,
				A269DBF429D1A75A00131CEE /* Model */,
				A210275629952C060007C524 /* Network */,
				A269DBF329D1A70F00131CEE /* Resources */,
				A258A59B2997DE3900991838 /* Util */,
				A258A5992997DE1400991838 /* Scenes */,
				A2102746299504A00007C524 /* ViewController.swift */,
				A2102748299504A00007C524 /* Main.storyboard */,
				A210274D299504A10007C524 /* LaunchScreen.storyboard */,
				A2102750299504A10007C524 /* Info.plist */,
			);
			path = iDeliver;
			sourceTree = "<group>";
		};
		A210275629952C060007C524 /* Network */ = {
			isa = PBXGroup;
			children = (
				A210275729952C0D0007C524 /* Core */,
			);
			path = Network;
			sourceTree = "<group>";
		};
		A210275729952C0D0007C524 /* Core */ = {
			isa = PBXGroup;
			children = (
				A210275829952C260007C524 /* NetworkManager.swift */,
				A210275A29952C330007C524 /* NetworkHelper.swift */,
			);
			path = Core;
			sourceTree = "<group>";
		};
		A258A5992997DE1400991838 /* Scenes */ = {
			isa = PBXGroup;
			children = (
			);
			path = Scenes;
			sourceTree = "<group>";
		};
		A258A59A2997DE1E00991838 /* Coordinator */ = {
			isa = PBXGroup;
			children = (
				A258A59C2997E34500991838 /* Coordinator.swift */,
				A258A59E2997E39200991838 /* Storyboarded.swift */,
			);
			path = Coordinator;
			sourceTree = "<group>";
		};
		A258A59B2997DE3900991838 /* Util */ = {
			isa = PBXGroup;
			children = (
			);
			path = Util;
			sourceTree = "<group>";
		};
		A269DBF229D1A6E500131CEE /* App */ = {
			isa = PBXGroup;
			children = (
				A2102742299504A00007C524 /* AppDelegate.swift */,
				A2102744299504A00007C524 /* SceneDelegate.swift */,
			);
			path = App;
			sourceTree = "<group>";
		};
		A269DBF329D1A70F00131CEE /* Resources */ = {
			isa = PBXGroup;
			children = (
				A210274B299504A10007C524 /* Assets.xcassets */,
			);
			path = Resources;
			sourceTree = "<group>";
		};
		A269DBF429D1A75A00131CEE /* Model */ = {
			isa = PBXGroup;
			children = (
			);
			path = Model;
			sourceTree = "<group>";
		};
/* End PBXGroup section */

/* Begin PBXNativeTarget section */
		A210273E299504A00007C524 /* iDeliver */ = {
			isa = PBXNativeTarget;
			buildConfigurationList = A2102753299504A10007C524 /* Build configuration list for PBXNativeTarget "iDeliver" */;
			buildPhases = (
				A210273B299504A00007C524 /* Sources */,
				A210273C299504A00007C524 /* Frameworks */,
				A210273D299504A00007C524 /* Resources */,
			);
			buildRules = (
			);
			dependencies = (
			);
			name = iDeliver;
			productName = iDeliver;
			productReference = A210273F299504A00007C524 /* iDeliver.app */;
			productType = "com.apple.product-type.application";
		};
/* End PBXNativeTarget section */

/* Begin PBXProject section */
		A2102737299504A00007C524 /* Project object */ = {
			isa = PBXProject;
			attributes = {
				BuildIndependentTargetsInParallel = 1;
				LastSwiftUpdateCheck = 1420;
				LastUpgradeCheck = 1420;
				TargetAttributes = {
					A210273E299504A00007C524 = {
						CreatedOnToolsVersion = 14.2;
					};
				};
			};
			buildConfigurationList = A210273A299504A00007C524 /* Build configuration list for PBXProject "iDeliver" */;
			compatibilityVersion = "Xcode 14.0";
			developmentRegion = en;
			hasScannedForEncodings = 0;
			knownRegions = (
				en,
				Base,
			);
			mainGroup = A2102736299504A00007C524;
			productRefGroup = A2102740299504A00007C524 /* Products */;
			projectDirPath = "";
			projectRoot = "";
			targets = (
				A210273E299504A00007C524 /* iDeliver */,
			);
		};
/* End PBXProject section */

/* Begin PBXResourcesBuildPhase section */
		A210273D299504A00007C524 /* Resources */ = {
			isa = PBXResourcesBuildPhase;
			buildActionMask = 2147483647;
			files = (
				A210274F299504A10007C524 /* LaunchScreen.storyboard in Resources */,
				A210274C299504A10007C524 /* Assets.xcassets in Resources */,
				A210274A299504A00007C524 /* Main.storyboard in Resources */,
			);
			runOnlyForDeploymentPostprocessing = 0;
		};
/* End PBXResourcesBuildPhase section */

/* Begin PBXSourcesBuildPhase section */
		A210273B299504A00007C524 /* Sources */ = {
			isa = PBXSourcesBuildPhase;
			buildActionMask = 2147483647;
			files = (
				A210275929952C260007C524 /* NetworkManager.swift in Sources */,
				A2102747299504A00007C524 /* ViewController.swift in Sources */,
				A258A59D2997E34500991838 /* Coordinator.swift in Sources */,
				A210275B29952C330007C524 /* NetworkHelper.swift in Sources */,
				A2102743299504A00007C524 /* AppDelegate.swift in Sources */,
				A2102745299504A00007C524 /* SceneDelegate.swift in Sources */,
				A258A59F2997E39200991838 /* Storyboarded.swift in Sources */,
			);
			runOnlyForDeploymentPostprocessing = 0;
		};
/* End PBXSourcesBuildPhase section */

/* Begin PBXVariantGroup section */
		A2102748299504A00007C524 /* Main.storyboard */ = {
			isa = PBXVariantGroup;
			children = (
				A2102749299504A00007C524 /* Base */,
			);
			name = Main.storyboard;
			sourceTree = "<group>";
		};
		A210274D299504A10007C524 /* LaunchScreen.storyboard */ = {
			isa = PBXVariantGroup;
			children = (
				A210274E299504A10007C524 /* Base */,
			);
			name = LaunchScreen.storyboard;
			sourceTree = "<group>";
		};
/* End PBXVariantGroup section */

/* Begin XCBuildConfiguration section */
		A2102751299504A10007C524 /* Debug */ = {
			isa = XCBuildConfiguration;
			buildSettings = {
				ALWAYS_SEARCH_USER_PATHS = NO;
				CLANG_ANALYZER_NONNULL = YES;
				CLANG_ANALYZER_NUMBER_OBJECT_CONVERSION = YES_AGGRESSIVE;
				CLANG_CXX_LANGUAGE_STANDARD = "gnu++20";
				CLANG_ENABLE_MODULES = YES;
				CLANG_ENABLE_OBJC_ARC = YES;
				CLANG_ENABLE_OBJC_WEAK = YES;
				CLANG_WARN_BLOCK_CAPTURE_AUTORELEASING = YES;
				CLANG_WARN_BOOL_CONVERSION = YES;
				CLANG_WARN_COMMA = YES;
				CLANG_WARN_CONSTANT_CONVERSION = YES;
				CLANG_WARN_DEPRECATED_OBJC_IMPLEMENTATIONS = YES;
				CLANG_WARN_DIRECT_OBJC_ISA_USAGE = YES_ERROR;
				CLANG_WARN_DOCUMENTATION_COMMENTS = YES;
				CLANG_WARN_EMPTY_BODY = YES;
				CLANG_WARN_ENUM_CONVERSION = YES;
				CLANG_WARN_INFINITE_RECURSION = YES;
				CLANG_WARN_INT_CONVERSION = YES;
				CLANG_WARN_NON_LITERAL_NULL_CONVERSION = YES;
				CLANG_WARN_OBJC_IMPLICIT_RETAIN_SELF = YES;
				CLANG_WARN_OBJC_LITERAL_CONVERSION = YES;
				CLANG_WARN_OBJC_ROOT_CLASS = YES_ERROR;
				CLANG_WARN_QUOTED_INCLUDE_IN_FRAMEWORK_HEADER = YES;
				CLANG_WARN_RANGE_LOOP_ANALYSIS = YES;
				CLANG_WARN_STRICT_PROTOTYPES = YES;
				CLANG_WARN_SUSPICIOUS_MOVE = YES;
				CLANG_WARN_UNGUARDED_AVAILABILITY = YES_AGGRESSIVE;
				CLANG_WARN_UNREACHABLE_CODE = YES;
				CLANG_WARN__DUPLICATE_METHOD_MATCH = YES;
				COPY_PHASE_STRIP = NO;
				DEBUG_INFORMATION_FORMAT = dwarf;
				ENABLE_STRICT_OBJC_MSGSEND = YES;
				ENABLE_TESTABILITY = YES;
				GCC_C_LANGUAGE_STANDARD = gnu11;
				GCC_DYNAMIC_NO_PIC = NO;
				GCC_NO_COMMON_BLOCKS = YES;
				GCC_OPTIMIZATION_LEVEL = 0;
				GCC_PREPROCESSOR_DEFINITIONS = (
					"DEBUG=1",
					"$(inherited)",
				);
				GCC_WARN_64_TO_32_BIT_CONVERSION = YES;
				GCC_WARN_ABOUT_RETURN_TYPE = YES_ERROR;
				GCC_WARN_UNDECLARED_SELECTOR = YES;
				GCC_WARN_UNINITIALIZED_AUTOS = YES_AGGRESSIVE;
				GCC_WARN_UNUSED_FUNCTION = YES;
				GCC_WARN_UNUSED_VARIABLE = YES;
				IPHONEOS_DEPLOYMENT_TARGET = 16.2;
				MTL_ENABLE_DEBUG_INFO = INCLUDE_SOURCE;
				MTL_FAST_MATH = YES;
				ONLY_ACTIVE_ARCH = YES;
				SDKROOT = iphoneos;
				SWIFT_ACTIVE_COMPILATION_CONDITIONS = DEBUG;
				SWIFT_OPTIMIZATION_LEVEL = "-Onone";
			};
			name = Debug;
		};
		A2102752299504A10007C524 /* Release */ = {
			isa = XCBuildConfiguration;
			buildSettings = {
				ALWAYS_SEARCH_USER_PATHS = NO;
				CLANG_ANALYZER_NONNULL = YES;
				CLANG_ANALYZER_NUMBER_OBJECT_CONVERSION = YES_AGGRESSIVE;
				CLANG_CXX_LANGUAGE_STANDARD = "gnu++20";
				CLANG_ENABLE_MODULES = YES;
				CLANG_ENABLE_OBJC_ARC = YES;
				CLANG_ENABLE_OBJC_WEAK = YES;
				CLANG_WARN_BLOCK_CAPTURE_AUTORELEASING = YES;
				CLANG_WARN_BOOL_CONVERSION = YES;
				CLANG_WARN_COMMA = YES;
				CLANG_WARN_CONSTANT_CONVERSION = YES;
				CLANG_WARN_DEPRECATED_OBJC_IMPLEMENTATIONS = YES;
				CLANG_WARN_DIRECT_OBJC_ISA_USAGE = YES_ERROR;
				CLANG_WARN_DOCUMENTATION_COMMENTS = YES;
				CLANG_WARN_EMPTY_BODY = YES;
				CLANG_WARN_ENUM_CONVERSION = YES;
				CLANG_WARN_INFINITE_RECURSION = YES;
				CLANG_WARN_INT_CONVERSION = YES;
				CLANG_WARN_NON_LITERAL_NULL_CONVERSION = YES;
				CLANG_WARN_OBJC_IMPLICIT_RETAIN_SELF = YES;
				CLANG_WARN_OBJC_LITERAL_CONVERSION = YES;
				CLANG_WARN_OBJC_ROOT_CLASS = YES_ERROR;
				CLANG_WARN_QUOTED_INCLUDE_IN_FRAMEWORK_HEADER = YES;
				CLANG_WARN_RANGE_LOOP_ANALYSIS = YES;
				CLANG_WARN_STRICT_PROTOTYPES = YES;
				CLANG_WARN_SUSPICIOUS_MOVE = YES;
				CLANG_WARN_UNGUARDED_AVAILABILITY = YES_AGGRESSIVE;
				CLANG_WARN_UNREACHABLE_CODE = YES;
				CLANG_WARN__DUPLICATE_METHOD_MATCH = YES;
				COPY_PHASE_STRIP = NO;
				DEBUG_INFORMATION_FORMAT = "dwarf-with-dsym";
				ENABLE_NS_ASSERTIONS = NO;
				ENABLE_STRICT_OBJC_MSGSEND = YES;
				GCC_C_LANGUAGE_STANDARD = gnu11;
				GCC_NO_COMMON_BLOCKS = YES;
				GCC_WARN_64_TO_32_BIT_CONVERSION = YES;
				GCC_WARN_ABOUT_RETURN_TYPE = YES_ERROR;
				GCC_WARN_UNDECLARED_SELECTOR = YES;
				GCC_WARN_UNINITIALIZED_AUTOS = YES_AGGRESSIVE;
				GCC_WARN_UNUSED_FUNCTION = YES;
				GCC_WARN_UNUSED_VARIABLE = YES;
				IPHONEOS_DEPLOYMENT_TARGET = 16.2;
				MTL_ENABLE_DEBUG_INFO = NO;
				MTL_FAST_MATH = YES;
				SDKROOT = iphoneos;
				SWIFT_COMPILATION_MODE = wholemodule;
				SWIFT_OPTIMIZATION_LEVEL = "-O";
				VALIDATE_PRODUCT = YES;
			};
			name = Release;
		};
		A2102754299504A10007C524 /* Debug */ = {
			isa = XCBuildConfiguration;
			buildSettings = {
				ASSETCATALOG_COMPILER_APPICON_NAME = AppIcon;
				ASSETCATALOG_COMPILER_GLOBAL_ACCENT_COLOR_NAME = AccentColor;
				CODE_SIGN_STYLE = Automatic;
				CURRENT_PROJECT_VERSION = 1;
				DEVELOPMENT_TEAM = H3L57XFNX5;
				GENERATE_INFOPLIST_FILE = YES;
				INFOPLIST_FILE = iDeliver/Info.plist;
				INFOPLIST_KEY_UIApplicationSupportsIndirectInputEvents = YES;
				INFOPLIST_KEY_UILaunchStoryboardName = LaunchScreen;
				INFOPLIST_KEY_UIMainStoryboardFile = Main;
				INFOPLIST_KEY_UISupportedInterfaceOrientations = UIInterfaceOrientationPortrait;
				INFOPLIST_KEY_UISupportedInterfaceOrientations_iPad = "UIInterfaceOrientationLandscapeLeft UIInterfaceOrientationLandscapeRight UIInterfaceOrientationPortrait UIInterfaceOrientationPortraitUpsideDown";
				LD_RUNPATH_SEARCH_PATHS = (
					"$(inherited)",
					"@executable_path/Frameworks",
				);
				MARKETING_VERSION = 1.0;
				PRODUCT_BUNDLE_IDENTIFIER = com.hakantekir.iDeliver;
				PRODUCT_NAME = "$(TARGET_NAME)";
				SWIFT_EMIT_LOC_STRINGS = YES;
				SWIFT_VERSION = 5.0;
				TARGETED_DEVICE_FAMILY = "1,2";
			};
			name = Debug;
		};
		A2102755299504A10007C524 /* Release */ = {
			isa = XCBuildConfiguration;
			buildSettings = {
				ASSETCATALOG_COMPILER_APPICON_NAME = AppIcon;
				ASSETCATALOG_COMPILER_GLOBAL_ACCENT_COLOR_NAME = AccentColor;
				CODE_SIGN_STYLE = Automatic;
				CURRENT_PROJECT_VERSION = 1;
				DEVELOPMENT_TEAM = H3L57XFNX5;
				GENERATE_INFOPLIST_FILE = YES;
				INFOPLIST_FILE = iDeliver/Info.plist;
				INFOPLIST_KEY_UIApplicationSupportsIndirectInputEvents = YES;
				INFOPLIST_KEY_UILaunchStoryboardName = LaunchScreen;
				INFOPLIST_KEY_UIMainStoryboardFile = Main;
				INFOPLIST_KEY_UISupportedInterfaceOrientations = UIInterfaceOrientationPortrait;
				INFOPLIST_KEY_UISupportedInterfaceOrientations_iPad = "UIInterfaceOrientationLandscapeLeft UIInterfaceOrientationLandscapeRight UIInterfaceOrientationPortrait UIInterfaceOrientationPortraitUpsideDown";
				LD_RUNPATH_SEARCH_PATHS = (
					"$(inherited)",
					"@executable_path/Frameworks",
				);
				MARKETING_VERSION = 1.0;
				PRODUCT_BUNDLE_IDENTIFIER = com.hakantekir.iDeliver;
				PRODUCT_NAME = "$(TARGET_NAME)";
				SWIFT_EMIT_LOC_STRINGS = YES;
				SWIFT_VERSION = 5.0;
				TARGETED_DEVICE_FAMILY = "1,2";
			};
			name = Release;
		};
/* End XCBuildConfiguration section */

/* Begin XCConfigurationList section */
		A210273A299504A00007C524 /* Build configuration list for PBXProject "iDeliver" */ = {
			isa = XCConfigurationList;
			buildConfigurations = (
				A2102751299504A10007C524 /* Debug */,
				A2102752299504A10007C524 /* Release */,
			);
			defaultConfigurationIsVisible = 0;
			defaultConfigurationName = Release;
		};
		A2102753299504A10007C524 /* Build configuration list for PBXNativeTarget "iDeliver" */ = {
			isa = XCConfigurationList;
			buildConfigurations = (
				A2102754299504A10007C524 /* Debug */,
				A2102755299504A10007C524 /* Release */,
			);
			defaultConfigurationIsVisible = 0;
			defaultConfigurationName = Release;
		};
/* End XCConfigurationList section */
	};
	rootObject = A2102737299504A00007C524 /* Project object */;
}
