// !$*UTF8*$!
{
	archiveVersion = 1;
	classes = {
	};
	objectVersion = 56;
	objects = {

/* Begin PBXBuildFile section */
		6EADB05D29FB080F00E6AB01 /* LoadingCoordinator.swift in Sources */ = {isa = PBXBuildFile; fileRef = 6EADB05C29FB080F00E6AB01 /* LoadingCoordinator.swift */; };
		6EADB06129FBB9E500E6AB01 /* LoadingViewController.swift in Sources */ = {isa = PBXBuildFile; fileRef = 6EADB06029FBB9E500E6AB01 /* LoadingViewController.swift */; };
		6EADB06329FBBA8A00E6AB01 /* LoadingCollectionViewCell.swift in Sources */ = {isa = PBXBuildFile; fileRef = 6EADB06229FBBA8A00E6AB01 /* LoadingCollectionViewCell.swift */; };
		6EADB06D29FBC8B400E6AB01 /* LoadingSlide.swift in Sources */ = {isa = PBXBuildFile; fileRef = 6EADB06C29FBC8B400E6AB01 /* LoadingSlide.swift */; };
		A2102743299504A00007C524 /* AppDelegate.swift in Sources */ = {isa = PBXBuildFile; fileRef = A2102742299504A00007C524 /* AppDelegate.swift */; };
		A2102745299504A00007C524 /* SceneDelegate.swift in Sources */ = {isa = PBXBuildFile; fileRef = A2102744299504A00007C524 /* SceneDelegate.swift */; };
		A210274C299504A10007C524 /* Assets.xcassets in Resources */ = {isa = PBXBuildFile; fileRef = A210274B299504A10007C524 /* Assets.xcassets */; };
		A210274F299504A10007C524 /* LaunchScreen.storyboard in Resources */ = {isa = PBXBuildFile; fileRef = A210274D299504A10007C524 /* LaunchScreen.storyboard */; };
		A210275929952C260007C524 /* NetworkManager.swift in Sources */ = {isa = PBXBuildFile; fileRef = A210275829952C260007C524 /* NetworkManager.swift */; };
		A210275B29952C330007C524 /* NetworkHelper.swift in Sources */ = {isa = PBXBuildFile; fileRef = A210275A29952C330007C524 /* NetworkHelper.swift */; };
		A258A59D2997E34500991838 /* Coordinator.swift in Sources */ = {isa = PBXBuildFile; fileRef = A258A59C2997E34500991838 /* Coordinator.swift */; };
		A258A59F2997E39200991838 /* Storyboarded.swift in Sources */ = {isa = PBXBuildFile; fileRef = A258A59E2997E39200991838 /* Storyboarded.swift */; };
		A25D4AF629DAE8ED002CBE11 /* LoginViewModel.swift in Sources */ = {isa = PBXBuildFile; fileRef = A25D4AF529DAE8ED002CBE11 /* LoginViewModel.swift */; };
		A25D4AF829DAE903002CBE11 /* LoginCoordinator.swift in Sources */ = {isa = PBXBuildFile; fileRef = A25D4AF729DAE903002CBE11 /* LoginCoordinator.swift */; };
		A25D4AFC29DAE922002CBE11 /* LoginHelper.swift in Sources */ = {isa = PBXBuildFile; fileRef = A25D4AFA29DAE922002CBE11 /* LoginHelper.swift */; };
		A25D4AFD29DAE922002CBE11 /* LoginManager.swift in Sources */ = {isa = PBXBuildFile; fileRef = A25D4AFB29DAE922002CBE11 /* LoginManager.swift */; };
		A25D4AFF29DB595B002CBE11 /* GradientView.swift in Sources */ = {isa = PBXBuildFile; fileRef = A25D4AFE29DB595B002CBE11 /* GradientView.swift */; };
		A25D4B0229DB6111002CBE11 /* Main.storyboard in Resources */ = {isa = PBXBuildFile; fileRef = A25D4B0129DB6111002CBE11 /* Main.storyboard */; };
		A25D4B0929DB6C85002CBE11 /* HomeViewController.swift in Sources */ = {isa = PBXBuildFile; fileRef = A25D4B0829DB6C85002CBE11 /* HomeViewController.swift */; };
		A25D4B0B29DB6CC1002CBE11 /* MainTabBarController.swift in Sources */ = {isa = PBXBuildFile; fileRef = A25D4B0A29DB6CC1002CBE11 /* MainTabBarController.swift */; };
		A25D4B1029DB7123002CBE11 /* SearchViewController.swift in Sources */ = {isa = PBXBuildFile; fileRef = A25D4B0F29DB7123002CBE11 /* SearchViewController.swift */; };
		A25D4B1229DB712D002CBE11 /* CartViewController.swift in Sources */ = {isa = PBXBuildFile; fileRef = A25D4B1129DB712D002CBE11 /* CartViewController.swift */; };
		A25D4B1429DB7137002CBE11 /* ProfileViewController.swift in Sources */ = {isa = PBXBuildFile; fileRef = A25D4B1329DB7137002CBE11 /* ProfileViewController.swift */; };
		A25D4B1629DB7336002CBE11 /* KeychainManager.swift in Sources */ = {isa = PBXBuildFile; fileRef = A25D4B1529DB7336002CBE11 /* KeychainManager.swift */; };
		A25D4B1829DBA042002CBE11 /* MainCoordinator.swift in Sources */ = {isa = PBXBuildFile; fileRef = A25D4B1729DBA042002CBE11 /* MainCoordinator.swift */; };
		A2BD859329D61462002820CA /* Authentication.storyboard in Resources */ = {isa = PBXBuildFile; fileRef = A2BD859229D61462002820CA /* Authentication.storyboard */; };
		A2BD859629D619BB002820CA /* RegisterViewController.swift in Sources */ = {isa = PBXBuildFile; fileRef = A2BD859529D619BB002820CA /* RegisterViewController.swift */; };
		A2BD859829D619CC002820CA /* LoginViewController.swift in Sources */ = {isa = PBXBuildFile; fileRef = A2BD859729D619CC002820CA /* LoginViewController.swift */; };
		A2BD859E29D6294A002820CA /* RegisterViewModel.swift in Sources */ = {isa = PBXBuildFile; fileRef = A2BD859D29D6294A002820CA /* RegisterViewModel.swift */; };
		A2BD85A129D62F20002820CA /* RegisterManager.swift in Sources */ = {isa = PBXBuildFile; fileRef = A2BD85A029D62F20002820CA /* RegisterManager.swift */; };
		A2BD85A329D62F2C002820CA /* RegisterHelper.swift in Sources */ = {isa = PBXBuildFile; fileRef = A2BD85A229D62F2C002820CA /* RegisterHelper.swift */; };
		A2BD85A529D63068002820CA /* User.swift in Sources */ = {isa = PBXBuildFile; fileRef = A2BD85A429D63068002820CA /* User.swift */; };
		A2BD85A729D74AF6002820CA /* AlertViewHelper.swift in Sources */ = {isa = PBXBuildFile; fileRef = A2BD85A629D74AF6002820CA /* AlertViewHelper.swift */; };
		A2BD85A929D74D3C002820CA /* RegisterCoordinator.swift in Sources */ = {isa = PBXBuildFile; fileRef = A2BD85A829D74D3C002820CA /* RegisterCoordinator.swift */; };
/* End PBXBuildFile section */

/* Begin PBXFileReference section */
		6EADB05C29FB080F00E6AB01 /* LoadingCoordinator.swift */ = {isa = PBXFileReference; lastKnownFileType = sourcecode.swift; path = LoadingCoordinator.swift; sourceTree = "<group>"; };
		6EADB06029FBB9E500E6AB01 /* LoadingViewController.swift */ = {isa = PBXFileReference; lastKnownFileType = sourcecode.swift; path = LoadingViewController.swift; sourceTree = "<group>"; };
		6EADB06229FBBA8A00E6AB01 /* LoadingCollectionViewCell.swift */ = {isa = PBXFileReference; lastKnownFileType = sourcecode.swift; path = LoadingCollectionViewCell.swift; sourceTree = "<group>"; };
		6EADB06829FBC3E700E6AB01 /* DMSans-Medium.ttf */ = {isa = PBXFileReference; lastKnownFileType = file; path = "DMSans-Medium.ttf"; sourceTree = "<group>"; };
		6EADB06929FBC3E700E6AB01 /* DMSans-Bold.ttf */ = {isa = PBXFileReference; lastKnownFileType = file; path = "DMSans-Bold.ttf"; sourceTree = "<group>"; };
		6EADB06A29FBC3E700E6AB01 /* DMSans-Regular.ttf */ = {isa = PBXFileReference; lastKnownFileType = file; path = "DMSans-Regular.ttf"; sourceTree = "<group>"; };
		6EADB06C29FBC8B400E6AB01 /* LoadingSlide.swift */ = {isa = PBXFileReference; lastKnownFileType = sourcecode.swift; path = LoadingSlide.swift; sourceTree = "<group>"; };
		A210273F299504A00007C524 /* iDeliver.app */ = {isa = PBXFileReference; explicitFileType = wrapper.application; includeInIndex = 0; path = iDeliver.app; sourceTree = BUILT_PRODUCTS_DIR; };
		A2102742299504A00007C524 /* AppDelegate.swift */ = {isa = PBXFileReference; lastKnownFileType = sourcecode.swift; path = AppDelegate.swift; sourceTree = "<group>"; };
		A2102744299504A00007C524 /* SceneDelegate.swift */ = {isa = PBXFileReference; lastKnownFileType = sourcecode.swift; path = SceneDelegate.swift; sourceTree = "<group>"; };
		A210274B299504A10007C524 /* Assets.xcassets */ = {isa = PBXFileReference; lastKnownFileType = folder.assetcatalog; path = Assets.xcassets; sourceTree = "<group>"; };
		A210274E299504A10007C524 /* Base */ = {isa = PBXFileReference; lastKnownFileType = file.storyboard; name = Base; path = Base.lproj/LaunchScreen.storyboard; sourceTree = "<group>"; };
		A2102750299504A10007C524 /* Info.plist */ = {isa = PBXFileReference; lastKnownFileType = text.plist.xml; path = Info.plist; sourceTree = "<group>"; };
		A210275829952C260007C524 /* NetworkManager.swift */ = {isa = PBXFileReference; lastKnownFileType = sourcecode.swift; path = NetworkManager.swift; sourceTree = "<group>"; };
		A210275A29952C330007C524 /* NetworkHelper.swift */ = {isa = PBXFileReference; lastKnownFileType = sourcecode.swift; path = NetworkHelper.swift; sourceTree = "<group>"; };
		A258A59C2997E34500991838 /* Coordinator.swift */ = {isa = PBXFileReference; lastKnownFileType = sourcecode.swift; path = Coordinator.swift; sourceTree = "<group>"; };
		A258A59E2997E39200991838 /* Storyboarded.swift */ = {isa = PBXFileReference; lastKnownFileType = sourcecode.swift; path = Storyboarded.swift; sourceTree = "<group>"; };
		A25D4AF529DAE8ED002CBE11 /* LoginViewModel.swift */ = {isa = PBXFileReference; fileEncoding = 4; lastKnownFileType = sourcecode.swift; path = LoginViewModel.swift; sourceTree = "<group>"; };
		A25D4AF729DAE903002CBE11 /* LoginCoordinator.swift */ = {isa = PBXFileReference; fileEncoding = 4; lastKnownFileType = sourcecode.swift; path = LoginCoordinator.swift; sourceTree = "<group>"; };
		A25D4AFA29DAE922002CBE11 /* LoginHelper.swift */ = {isa = PBXFileReference; fileEncoding = 4; lastKnownFileType = sourcecode.swift; path = LoginHelper.swift; sourceTree = "<group>"; };
		A25D4AFB29DAE922002CBE11 /* LoginManager.swift */ = {isa = PBXFileReference; fileEncoding = 4; lastKnownFileType = sourcecode.swift; path = LoginManager.swift; sourceTree = "<group>"; };
		A25D4AFE29DB595B002CBE11 /* GradientView.swift */ = {isa = PBXFileReference; lastKnownFileType = sourcecode.swift; path = GradientView.swift; sourceTree = "<group>"; };
		A25D4B0129DB6111002CBE11 /* Main.storyboard */ = {isa = PBXFileReference; lastKnownFileType = file.storyboard; path = Main.storyboard; sourceTree = "<group>"; };
		A25D4B0829DB6C85002CBE11 /* HomeViewController.swift */ = {isa = PBXFileReference; lastKnownFileType = sourcecode.swift; path = HomeViewController.swift; sourceTree = "<group>"; };
		A25D4B0A29DB6CC1002CBE11 /* MainTabBarController.swift */ = {isa = PBXFileReference; lastKnownFileType = sourcecode.swift; path = MainTabBarController.swift; sourceTree = "<group>"; };
		A25D4B0F29DB7123002CBE11 /* SearchViewController.swift */ = {isa = PBXFileReference; lastKnownFileType = sourcecode.swift; path = SearchViewController.swift; sourceTree = "<group>"; };
		A25D4B1129DB712D002CBE11 /* CartViewController.swift */ = {isa = PBXFileReference; lastKnownFileType = sourcecode.swift; path = CartViewController.swift; sourceTree = "<group>"; };
		A25D4B1329DB7137002CBE11 /* ProfileViewController.swift */ = {isa = PBXFileReference; lastKnownFileType = sourcecode.swift; path = ProfileViewController.swift; sourceTree = "<group>"; };
		A25D4B1529DB7336002CBE11 /* KeychainManager.swift */ = {isa = PBXFileReference; lastKnownFileType = sourcecode.swift; path = KeychainManager.swift; sourceTree = "<group>"; };
		A25D4B1729DBA042002CBE11 /* MainCoordinator.swift */ = {isa = PBXFileReference; lastKnownFileType = sourcecode.swift; path = MainCoordinator.swift; sourceTree = "<group>"; };
		A2BD859229D61462002820CA /* Authentication.storyboard */ = {isa = PBXFileReference; lastKnownFileType = file.storyboard; path = Authentication.storyboard; sourceTree = "<group>"; };
		A2BD859529D619BB002820CA /* RegisterViewController.swift */ = {isa = PBXFileReference; lastKnownFileType = sourcecode.swift; path = RegisterViewController.swift; sourceTree = "<group>"; };
		A2BD859729D619CC002820CA /* LoginViewController.swift */ = {isa = PBXFileReference; lastKnownFileType = sourcecode.swift; path = LoginViewController.swift; sourceTree = "<group>"; };
		A2BD859D29D6294A002820CA /* RegisterViewModel.swift */ = {isa = PBXFileReference; lastKnownFileType = sourcecode.swift; path = RegisterViewModel.swift; sourceTree = "<group>"; };
		A2BD85A029D62F20002820CA /* RegisterManager.swift */ = {isa = PBXFileReference; lastKnownFileType = sourcecode.swift; path = RegisterManager.swift; sourceTree = "<group>"; };
		A2BD85A229D62F2C002820CA /* RegisterHelper.swift */ = {isa = PBXFileReference; lastKnownFileType = sourcecode.swift; path = RegisterHelper.swift; sourceTree = "<group>"; };
		A2BD85A429D63068002820CA /* User.swift */ = {isa = PBXFileReference; lastKnownFileType = sourcecode.swift; path = User.swift; sourceTree = "<group>"; };
		A2BD85A629D74AF6002820CA /* AlertViewHelper.swift */ = {isa = PBXFileReference; lastKnownFileType = sourcecode.swift; name = AlertViewHelper.swift; path = iDeliver/Util/AlertViewHelper.swift; sourceTree = SOURCE_ROOT; };
		A2BD85A829D74D3C002820CA /* RegisterCoordinator.swift */ = {isa = PBXFileReference; lastKnownFileType = sourcecode.swift; path = RegisterCoordinator.swift; sourceTree = "<group>"; };
/* End PBXFileReference section */

/* Begin PBXFrameworksBuildPhase section */
		A210273C299504A00007C524 /* Frameworks */ = {
			isa = PBXFrameworksBuildPhase;
			buildActionMask = 2147483647;
			files = (
			);
			runOnlyForDeploymentPostprocessing = 0;
		};
/* End PBXFrameworksBuildPhase section */

/* Begin PBXGroup section */
		6EADB05929FB07C500E6AB01 /* Loading */ = {
			isa = PBXGroup;
			children = (
				6EADB05C29FB080F00E6AB01 /* LoadingCoordinator.swift */,
				6EADB06B29FBC8A100E6AB01 /* Model */,
				6EADB05B29FB07D500E6AB01 /* ViewModel */,
				6EADB05A29FB07D000E6AB01 /* View */,
			);
			path = Loading;
			sourceTree = "<group>";
		};
		6EADB05A29FB07D000E6AB01 /* View */ = {
			isa = PBXGroup;
			children = (
				6EADB06029FBB9E500E6AB01 /* LoadingViewController.swift */,
				6EADB06229FBBA8A00E6AB01 /* LoadingCollectionViewCell.swift */,
			);
			path = View;
			sourceTree = "<group>";
		};
		6EADB05B29FB07D500E6AB01 /* ViewModel */ = {
			isa = PBXGroup;
			children = (
			);
			path = ViewModel;
			sourceTree = "<group>";
		};
		6EADB06429FBBB7400E6AB01 /* CustomView */ = {
			isa = PBXGroup;
			children = (
				6EADB06529FBBB8100E6AB01 /* AppButton */,
			);
			path = CustomView;
			sourceTree = "<group>";
		};
		6EADB06529FBBB8100E6AB01 /* AppButton */ = {
			isa = PBXGroup;
			children = (
			);
			path = AppButton;
			sourceTree = "<group>";
		};
		6EADB06629FBC3A300E6AB01 /* Extension */ = {
			isa = PBXGroup;
			children = (
			);
			path = Extension;
			sourceTree = "<group>";
		};
		6EADB06729FBC3B500E6AB01 /* Fonts */ = {
			isa = PBXGroup;
			children = (
				6EADB06929FBC3E700E6AB01 /* DMSans-Bold.ttf */,
				6EADB06829FBC3E700E6AB01 /* DMSans-Medium.ttf */,
				6EADB06A29FBC3E700E6AB01 /* DMSans-Regular.ttf */,
			);
			path = Fonts;
			sourceTree = "<group>";
		};
		6EADB06B29FBC8A100E6AB01 /* Model */ = {
			isa = PBXGroup;
			children = (
				6EADB06C29FBC8B400E6AB01 /* LoadingSlide.swift */,
			);
			path = Model;
			sourceTree = "<group>";
		};
		A2102736299504A00007C524 = {
			isa = PBXGroup;
			children = (
				A2102741299504A00007C524 /* iDeliver */,
				A2102740299504A00007C524 /* Products */,
			);
			sourceTree = "<group>";
		};
		A2102740299504A00007C524 /* Products */ = {
			isa = PBXGroup;
			children = (
				A210273F299504A00007C524 /* iDeliver.app */,
			);
			name = Products;
			sourceTree = "<group>";
		};
		A2102741299504A00007C524 /* iDeliver */ = {
			isa = PBXGroup;
			children = (
				6EADB06629FBC3A300E6AB01 /* Extension */,
				A269DBF229D1A6E500131CEE /* App */,
				A258A59A2997DE1E00991838 /* Coordinator */,
				A269DBF429D1A75A00131CEE /* Model */,
				A210275629952C060007C524 /* Network */,
				6EADB06429FBBB7400E6AB01 /* CustomView */,
				A269DBF329D1A70F00131CEE /* Resources */,
				A2473CDA29D7809100A9210D /* Util */,
				A258A5992997DE1400991838 /* Scenes */,
				A2102750299504A10007C524 /* Info.plist */,
			);
			path = iDeliver;
			sourceTree = "<group>";
		};
		A210275629952C060007C524 /* Network */ = {
			isa = PBXGroup;
			children = (
				A210275729952C0D0007C524 /* Core */,
				A25D4AF929DAE922002CBE11 /* Login */,
				A2BD859F29D62EFB002820CA /* Register */,
			);
			path = Network;
			sourceTree = "<group>";
		};
		A210275729952C0D0007C524 /* Core */ = {
			isa = PBXGroup;
			children = (
				A210275829952C260007C524 /* NetworkManager.swift */,
				A210275A29952C330007C524 /* NetworkHelper.swift */,
			);
			path = Core;
			sourceTree = "<group>";
		};
		A2473CDA29D7809100A9210D /* Util */ = {
			isa = PBXGroup;
			children = (
				A2BD85A629D74AF6002820CA /* AlertViewHelper.swift */,
				A25D4AFE29DB595B002CBE11 /* GradientView.swift */,
				A25D4B1529DB7336002CBE11 /* KeychainManager.swift */,
			);
			path = Util;
			sourceTree = "<group>";
		};
		A258A5992997DE1400991838 /* Scenes */ = {
			isa = PBXGroup;
			children = (
				A2BD859129D6140C002820CA /* Authentication */,
				A25D4B0029DB6101002CBE11 /* Main */,
			);
			path = Scenes;
			sourceTree = "<group>";
		};
		A258A59A2997DE1E00991838 /* Coordinator */ = {
			isa = PBXGroup;
			children = (
				A258A59C2997E34500991838 /* Coordinator.swift */,
				A258A59E2997E39200991838 /* Storyboarded.swift */,
			);
			path = Coordinator;
			sourceTree = "<group>";
		};
		A25D4AF929DAE922002CBE11 /* Login */ = {
			isa = PBXGroup;
			children = (
				A25D4AFA29DAE922002CBE11 /* LoginHelper.swift */,
				A25D4AFB29DAE922002CBE11 /* LoginManager.swift */,
			);
			path = Login;
			sourceTree = "<group>";
		};
		A25D4B0029DB6101002CBE11 /* Main */ = {
			isa = PBXGroup;
			children = (
				A25D4B0129DB6111002CBE11 /* Main.storyboard */,
				A25D4B1729DBA042002CBE11 /* MainCoordinator.swift */,
				A25D4B0A29DB6CC1002CBE11 /* MainTabBarController.swift */,
				A25D4B0329DB64B2002CBE11 /* Home */,
				A25D4B0C29DB70EA002CBE11 /* Search */,
				A25D4B0D29DB70F2002CBE11 /* Cart */,
				A25D4B0E29DB70F6002CBE11 /* Profile */,
			);
			path = Main;
			sourceTree = "<group>";
		};
		A25D4B0329DB64B2002CBE11 /* Home */ = {
			isa = PBXGroup;
			children = (
				A25D4B0829DB6C85002CBE11 /* HomeViewController.swift */,
			);
			path = Home;
			sourceTree = "<group>";
		};
		A25D4B0C29DB70EA002CBE11 /* Search */ = {
			isa = PBXGroup;
			children = (
				A25D4B0F29DB7123002CBE11 /* SearchViewController.swift */,
			);
			path = Search;
			sourceTree = "<group>";
		};
		A25D4B0D29DB70F2002CBE11 /* Cart */ = {
			isa = PBXGroup;
			children = (
				A25D4B1129DB712D002CBE11 /* CartViewController.swift */,
			);
			path = Cart;
			sourceTree = "<group>";
		};
		A25D4B0E29DB70F6002CBE11 /* Profile */ = {
			isa = PBXGroup;
			children = (
				A25D4B1329DB7137002CBE11 /* ProfileViewController.swift */,
			);
			path = Profile;
			sourceTree = "<group>";
		};
		A269DBF229D1A6E500131CEE /* App */ = {
			isa = PBXGroup;
			children = (
				A2102742299504A00007C524 /* AppDelegate.swift */,
				A2102744299504A00007C524 /* SceneDelegate.swift */,
				A210274D299504A10007C524 /* LaunchScreen.storyboard */,
			);
			path = App;
			sourceTree = "<group>";
		};
		A269DBF329D1A70F00131CEE /* Resources */ = {
			isa = PBXGroup;
			children = (
				6EADB06729FBC3B500E6AB01 /* Fonts */,
				A210274B299504A10007C524 /* Assets.xcassets */,
			);
			path = Resources;
			sourceTree = "<group>";
		};
		A269DBF429D1A75A00131CEE /* Model */ = {
			isa = PBXGroup;
			children = (
				A2BD85A429D63068002820CA /* User.swift */,
			);
			path = Model;
			sourceTree = "<group>";
		};
		A2BD859029D5FDA4002820CA /* Register */ = {
			isa = PBXGroup;
			children = (
				A2BD85A829D74D3C002820CA /* RegisterCoordinator.swift */,
				A2BD859929D625EE002820CA /* View */,
				A2BD859A29D625F4002820CA /* ViewModel */,
			);
			path = Register;
			sourceTree = "<group>";
		};
		A2BD859129D6140C002820CA /* Authentication */ = {
			isa = PBXGroup;
			children = (
				A2BD859229D61462002820CA /* Authentication.storyboard */,
				6EADB05929FB07C500E6AB01 /* Loading */,
				A2BD859029D5FDA4002820CA /* Register */,
				A2BD859429D61997002820CA /* Login */,
			);
			path = Authentication;
			sourceTree = "<group>";
		};
		A2BD859429D61997002820CA /* Login */ = {
			isa = PBXGroup;
			children = (
				A25D4AF729DAE903002CBE11 /* LoginCoordinator.swift */,
				A2BD859C29D62611002820CA /* View */,
				A2BD859B29D6260B002820CA /* ViewModel */,
			);
			path = Login;
			sourceTree = "<group>";
		};
		A2BD859929D625EE002820CA /* View */ = {
			isa = PBXGroup;
			children = (
				A2BD859529D619BB002820CA /* RegisterViewController.swift */,
			);
			path = View;
			sourceTree = "<group>";
		};
		A2BD859A29D625F4002820CA /* ViewModel */ = {
			isa = PBXGroup;
			children = (
				A2BD859D29D6294A002820CA /* RegisterViewModel.swift */,
			);
			path = ViewModel;
			sourceTree = "<group>";
		};
		A2BD859B29D6260B002820CA /* ViewModel */ = {
			isa = PBXGroup;
			children = (
				A25D4AF529DAE8ED002CBE11 /* LoginViewModel.swift */,
			);
			path = ViewModel;
			sourceTree = "<group>";
		};
		A2BD859C29D62611002820CA /* View */ = {
			isa = PBXGroup;
			children = (
				A2BD859729D619CC002820CA /* LoginViewController.swift */,
			);
			path = View;
			sourceTree = "<group>";
		};
		A2BD859F29D62EFB002820CA /* Register */ = {
			isa = PBXGroup;
			children = (
				A2BD85A029D62F20002820CA /* RegisterManager.swift */,
				A2BD85A229D62F2C002820CA /* RegisterHelper.swift */,
			);
			path = Register;
			sourceTree = "<group>";
		};
/* End PBXGroup section */

/* Begin PBXNativeTarget section */
		A210273E299504A00007C524 /* iDeliver */ = {
			isa = PBXNativeTarget;
			buildConfigurationList = A2102753299504A10007C524 /* Build configuration list for PBXNativeTarget "iDeliver" */;
			buildPhases = (
				A210273B299504A00007C524 /* Sources */,
				A210273C299504A00007C524 /* Frameworks */,
				A210273D299504A00007C524 /* Resources */,
			);
			buildRules = (
			);
			dependencies = (
			);
			name = iDeliver;
			productName = iDeliver;
			productReference = A210273F299504A00007C524 /* iDeliver.app */;
			productType = "com.apple.product-type.application";
		};
/* End PBXNativeTarget section */

/* Begin PBXProject section */
		A2102737299504A00007C524 /* Project object */ = {
			isa = PBXProject;
			attributes = {
				BuildIndependentTargetsInParallel = 1;
				LastSwiftUpdateCheck = 1420;
				LastUpgradeCheck = 1420;
				TargetAttributes = {
					A210273E299504A00007C524 = {
						CreatedOnToolsVersion = 14.2;
					};
				};
			};
			buildConfigurationList = A210273A299504A00007C524 /* Build configuration list for PBXProject "iDeliver" */;
			compatibilityVersion = "Xcode 14.0";
			developmentRegion = en;
			hasScannedForEncodings = 0;
			knownRegions = (
				en,
				Base,
			);
			mainGroup = A2102736299504A00007C524;
			productRefGroup = A2102740299504A00007C524 /* Products */;
			projectDirPath = "";
			projectRoot = "";
			targets = (
				A210273E299504A00007C524 /* iDeliver */,
			);
		};
/* End PBXProject section */

/* Begin PBXResourcesBuildPhase section */
		A210273D299504A00007C524 /* Resources */ = {
			isa = PBXResourcesBuildPhase;
			buildActionMask = 2147483647;
			files = (
				A2BD859329D61462002820CA /* Authentication.storyboard in Resources */,
				A210274F299504A10007C524 /* LaunchScreen.storyboard in Resources */,
				A210274C299504A10007C524 /* Assets.xcassets in Resources */,
				A25D4B0229DB6111002CBE11 /* Main.storyboard in Resources */,
			);
			runOnlyForDeploymentPostprocessing = 0;
		};
/* End PBXResourcesBuildPhase section */

/* Begin PBXSourcesBuildPhase section */
		A210273B299504A00007C524 /* Sources */ = {
			isa = PBXSourcesBuildPhase;
			buildActionMask = 2147483647;
			files = (
				A25D4AFF29DB595B002CBE11 /* GradientView.swift in Sources */,
				A2BD85A529D63068002820CA /* User.swift in Sources */,
				A2BD85A329D62F2C002820CA /* RegisterHelper.swift in Sources */,
				6EADB06329FBBA8A00E6AB01 /* LoadingCollectionViewCell.swift in Sources */,
				A2BD859829D619CC002820CA /* LoginViewController.swift in Sources */,
				A25D4B1629DB7336002CBE11 /* KeychainManager.swift in Sources */,
				A2BD859E29D6294A002820CA /* RegisterViewModel.swift in Sources */,
				A25D4B0929DB6C85002CBE11 /* HomeViewController.swift in Sources */,
				6EADB06129FBB9E500E6AB01 /* LoadingViewController.swift in Sources */,
				6EADB05D29FB080F00E6AB01 /* LoadingCoordinator.swift in Sources */,
				A25D4B1429DB7137002CBE11 /* ProfileViewController.swift in Sources */,
				A210275929952C260007C524 /* NetworkManager.swift in Sources */,
				A25D4AFD29DAE922002CBE11 /* LoginManager.swift in Sources */,
				A258A59D2997E34500991838 /* Coordinator.swift in Sources */,
				A2BD85A729D74AF6002820CA /* AlertViewHelper.swift in Sources */,
				A2BD859629D619BB002820CA /* RegisterViewController.swift in Sources */,
				A25D4AF629DAE8ED002CBE11 /* LoginViewModel.swift in Sources */,
				A25D4B1029DB7123002CBE11 /* SearchViewController.swift in Sources */,
				A210275B29952C330007C524 /* NetworkHelper.swift in Sources */,
				A25D4B1229DB712D002CBE11 /* CartViewController.swift in Sources */,
				6EADB06D29FBC8B400E6AB01 /* LoadingSlide.swift in Sources */,
				A2102743299504A00007C524 /* AppDelegate.swift in Sources */,
				A2102745299504A00007C524 /* SceneDelegate.swift in Sources */,
				A2BD85A129D62F20002820CA /* RegisterManager.swift in Sources */,
				A258A59F2997E39200991838 /* Storyboarded.swift in Sources */,
				A25D4B0B29DB6CC1002CBE11 /* MainTabBarController.swift in Sources */,
				A25D4AFC29DAE922002CBE11 /* LoginHelper.swift in Sources */,
				A25D4B1829DBA042002CBE11 /* MainCoordinator.swift in Sources */,
				A25D4AF829DAE903002CBE11 /* LoginCoordinator.swift in Sources */,
				A2BD85A929D74D3C002820CA /* RegisterCoordinator.swift in Sources */,
			);
			runOnlyForDeploymentPostprocessing = 0;
		};
/* End PBXSourcesBuildPhase section */

/* Begin PBXVariantGroup section */
		A210274D299504A10007C524 /* LaunchScreen.storyboard */ = {
			isa = PBXVariantGroup;
			children = (
				A210274E299504A10007C524 /* Base */,
			);
			name = LaunchScreen.storyboard;
			sourceTree = "<group>";
		};
/* End PBXVariantGroup section */

/* Begin XCBuildConfiguration section */
		A2102751299504A10007C524 /* Debug */ = {
			isa = XCBuildConfiguration;
			buildSettings = {
				ALWAYS_SEARCH_USER_PATHS = NO;
				CLANG_ANALYZER_NONNULL = YES;
				CLANG_ANALYZER_NUMBER_OBJECT_CONVERSION = YES_AGGRESSIVE;
				CLANG_CXX_LANGUAGE_STANDARD = "gnu++20";
				CLANG_ENABLE_MODULES = YES;
				CLANG_ENABLE_OBJC_ARC = YES;
				CLANG_ENABLE_OBJC_WEAK = YES;
				CLANG_WARN_BLOCK_CAPTURE_AUTORELEASING = YES;
				CLANG_WARN_BOOL_CONVERSION = YES;
				CLANG_WARN_COMMA = YES;
				CLANG_WARN_CONSTANT_CONVERSION = YES;
				CLANG_WARN_DEPRECATED_OBJC_IMPLEMENTATIONS = YES;
				CLANG_WARN_DIRECT_OBJC_ISA_USAGE = YES_ERROR;
				CLANG_WARN_DOCUMENTATION_COMMENTS = YES;
				CLANG_WARN_EMPTY_BODY = YES;
				CLANG_WARN_ENUM_CONVERSION = YES;
				CLANG_WARN_INFINITE_RECURSION = YES;
				CLANG_WARN_INT_CONVERSION = YES;
				CLANG_WARN_NON_LITERAL_NULL_CONVERSION = YES;
				CLANG_WARN_OBJC_IMPLICIT_RETAIN_SELF = YES;
				CLANG_WARN_OBJC_LITERAL_CONVERSION = YES;
				CLANG_WARN_OBJC_ROOT_CLASS = YES_ERROR;
				CLANG_WARN_QUOTED_INCLUDE_IN_FRAMEWORK_HEADER = YES;
				CLANG_WARN_RANGE_LOOP_ANALYSIS = YES;
				CLANG_WARN_STRICT_PROTOTYPES = YES;
				CLANG_WARN_SUSPICIOUS_MOVE = YES;
				CLANG_WARN_UNGUARDED_AVAILABILITY = YES_AGGRESSIVE;
				CLANG_WARN_UNREACHABLE_CODE = YES;
				CLANG_WARN__DUPLICATE_METHOD_MATCH = YES;
				COPY_PHASE_STRIP = NO;
				DEBUG_INFORMATION_FORMAT = dwarf;
				ENABLE_STRICT_OBJC_MSGSEND = YES;
				ENABLE_TESTABILITY = YES;
				GCC_C_LANGUAGE_STANDARD = gnu11;
				GCC_DYNAMIC_NO_PIC = NO;
				GCC_NO_COMMON_BLOCKS = YES;
				GCC_OPTIMIZATION_LEVEL = 0;
				GCC_PREPROCESSOR_DEFINITIONS = (
					"DEBUG=1",
					"$(inherited)",
				);
				GCC_WARN_64_TO_32_BIT_CONVERSION = YES;
				GCC_WARN_ABOUT_RETURN_TYPE = YES_ERROR;
				GCC_WARN_UNDECLARED_SELECTOR = YES;
				GCC_WARN_UNINITIALIZED_AUTOS = YES_AGGRESSIVE;
				GCC_WARN_UNUSED_FUNCTION = YES;
				GCC_WARN_UNUSED_VARIABLE = YES;
				IPHONEOS_DEPLOYMENT_TARGET = 16.2;
				MTL_ENABLE_DEBUG_INFO = INCLUDE_SOURCE;
				MTL_FAST_MATH = YES;
				ONLY_ACTIVE_ARCH = YES;
				SDKROOT = iphoneos;
				SWIFT_ACTIVE_COMPILATION_CONDITIONS = DEBUG;
				SWIFT_OPTIMIZATION_LEVEL = "-Onone";
			};
			name = Debug;
		};
		A2102752299504A10007C524 /* Release */ = {
			isa = XCBuildConfiguration;
			buildSettings = {
				ALWAYS_SEARCH_USER_PATHS = NO;
				CLANG_ANALYZER_NONNULL = YES;
				CLANG_ANALYZER_NUMBER_OBJECT_CONVERSION = YES_AGGRESSIVE;
				CLANG_CXX_LANGUAGE_STANDARD = "gnu++20";
				CLANG_ENABLE_MODULES = YES;
				CLANG_ENABLE_OBJC_ARC = YES;
				CLANG_ENABLE_OBJC_WEAK = YES;
				CLANG_WARN_BLOCK_CAPTURE_AUTORELEASING = YES;
				CLANG_WARN_BOOL_CONVERSION = YES;
				CLANG_WARN_COMMA = YES;
				CLANG_WARN_CONSTANT_CONVERSION = YES;
				CLANG_WARN_DEPRECATED_OBJC_IMPLEMENTATIONS = YES;
				CLANG_WARN_DIRECT_OBJC_ISA_USAGE = YES_ERROR;
				CLANG_WARN_DOCUMENTATION_COMMENTS = YES;
				CLANG_WARN_EMPTY_BODY = YES;
				CLANG_WARN_ENUM_CONVERSION = YES;
				CLANG_WARN_INFINITE_RECURSION = YES;
				CLANG_WARN_INT_CONVERSION = YES;
				CLANG_WARN_NON_LITERAL_NULL_CONVERSION = YES;
				CLANG_WARN_OBJC_IMPLICIT_RETAIN_SELF = YES;
				CLANG_WARN_OBJC_LITERAL_CONVERSION = YES;
				CLANG_WARN_OBJC_ROOT_CLASS = YES_ERROR;
				CLANG_WARN_QUOTED_INCLUDE_IN_FRAMEWORK_HEADER = YES;
				CLANG_WARN_RANGE_LOOP_ANALYSIS = YES;
				CLANG_WARN_STRICT_PROTOTYPES = YES;
				CLANG_WARN_SUSPICIOUS_MOVE = YES;
				CLANG_WARN_UNGUARDED_AVAILABILITY = YES_AGGRESSIVE;
				CLANG_WARN_UNREACHABLE_CODE = YES;
				CLANG_WARN__DUPLICATE_METHOD_MATCH = YES;
				COPY_PHASE_STRIP = NO;
				DEBUG_INFORMATION_FORMAT = "dwarf-with-dsym";
				ENABLE_NS_ASSERTIONS = NO;
				ENABLE_STRICT_OBJC_MSGSEND = YES;
				GCC_C_LANGUAGE_STANDARD = gnu11;
				GCC_NO_COMMON_BLOCKS = YES;
				GCC_WARN_64_TO_32_BIT_CONVERSION = YES;
				GCC_WARN_ABOUT_RETURN_TYPE = YES_ERROR;
				GCC_WARN_UNDECLARED_SELECTOR = YES;
				GCC_WARN_UNINITIALIZED_AUTOS = YES_AGGRESSIVE;
				GCC_WARN_UNUSED_FUNCTION = YES;
				GCC_WARN_UNUSED_VARIABLE = YES;
				IPHONEOS_DEPLOYMENT_TARGET = 16.2;
				MTL_ENABLE_DEBUG_INFO = NO;
				MTL_FAST_MATH = YES;
				SDKROOT = iphoneos;
				SWIFT_COMPILATION_MODE = wholemodule;
				SWIFT_OPTIMIZATION_LEVEL = "-O";
				VALIDATE_PRODUCT = YES;
			};
			name = Release;
		};
		A2102754299504A10007C524 /* Debug */ = {
			isa = XCBuildConfiguration;
			buildSettings = {
				ASSETCATALOG_COMPILER_APPICON_NAME = AppIcon;
				ASSETCATALOG_COMPILER_GLOBAL_ACCENT_COLOR_NAME = AccentColor;
				CODE_SIGN_STYLE = Automatic;
				CURRENT_PROJECT_VERSION = 1;
				DEVELOPMENT_TEAM = H3L57XFNX5;
				GENERATE_INFOPLIST_FILE = YES;
				INFOPLIST_FILE = iDeliver/Info.plist;
				INFOPLIST_KEY_LSApplicationCategoryType = "public.app-category.shopping";
				INFOPLIST_KEY_UIApplicationSupportsIndirectInputEvents = YES;
				INFOPLIST_KEY_UILaunchStoryboardName = LaunchScreen.storyboard;
				INFOPLIST_KEY_UISupportedInterfaceOrientations = UIInterfaceOrientationPortrait;
				INFOPLIST_KEY_UISupportedInterfaceOrientations_iPad = "UIInterfaceOrientationLandscapeLeft UIInterfaceOrientationLandscapeRight UIInterfaceOrientationPortrait UIInterfaceOrientationPortraitUpsideDown";
				LD_RUNPATH_SEARCH_PATHS = (
					"$(inherited)",
					"@executable_path/Frameworks",
				);
				MARKETING_VERSION = 1.0;
				PRODUCT_BUNDLE_IDENTIFIER = com.hakantekir.iDeliver;
				PRODUCT_NAME = "$(TARGET_NAME)";
				SWIFT_EMIT_LOC_STRINGS = YES;
				SWIFT_VERSION = 5.0;
				TARGETED_DEVICE_FAMILY = "1,2";
			};
			name = Debug;
		};
		A2102755299504A10007C524 /* Release */ = {
			isa = XCBuildConfiguration;
			buildSettings = {
				ASSETCATALOG_COMPILER_APPICON_NAME = AppIcon;
				ASSETCATALOG_COMPILER_GLOBAL_ACCENT_COLOR_NAME = AccentColor;
				CODE_SIGN_STYLE = Automatic;
				CURRENT_PROJECT_VERSION = 1;
				DEVELOPMENT_TEAM = H3L57XFNX5;
				GENERATE_INFOPLIST_FILE = YES;
				INFOPLIST_FILE = iDeliver/Info.plist;
				INFOPLIST_KEY_LSApplicationCategoryType = "public.app-category.shopping";
				INFOPLIST_KEY_UIApplicationSupportsIndirectInputEvents = YES;
				INFOPLIST_KEY_UILaunchStoryboardName = LaunchScreen.storyboard;
				INFOPLIST_KEY_UISupportedInterfaceOrientations = UIInterfaceOrientationPortrait;
				INFOPLIST_KEY_UISupportedInterfaceOrientations_iPad = "UIInterfaceOrientationLandscapeLeft UIInterfaceOrientationLandscapeRight UIInterfaceOrientationPortrait UIInterfaceOrientationPortraitUpsideDown";
				LD_RUNPATH_SEARCH_PATHS = (
					"$(inherited)",
					"@executable_path/Frameworks",
				);
				MARKETING_VERSION = 1.0;
				PRODUCT_BUNDLE_IDENTIFIER = com.hakantekir.iDeliver;
				PRODUCT_NAME = "$(TARGET_NAME)";
				SWIFT_EMIT_LOC_STRINGS = YES;
				SWIFT_VERSION = 5.0;
				TARGETED_DEVICE_FAMILY = "1,2";
			};
			name = Release;
		};
/* End XCBuildConfiguration section */

/* Begin XCConfigurationList section */
		A210273A299504A00007C524 /* Build configuration list for PBXProject "iDeliver" */ = {
			isa = XCConfigurationList;
			buildConfigurations = (
				A2102751299504A10007C524 /* Debug */,
				A2102752299504A10007C524 /* Release */,
			);
			defaultConfigurationIsVisible = 0;
			defaultConfigurationName = Release;
		};
		A2102753299504A10007C524 /* Build configuration list for PBXNativeTarget "iDeliver" */ = {
			isa = XCConfigurationList;
			buildConfigurations = (
				A2102754299504A10007C524 /* Debug */,
				A2102755299504A10007C524 /* Release */,
			);
			defaultConfigurationIsVisible = 0;
			defaultConfigurationName = Release;
		};
/* End XCConfigurationList section */
	};
	rootObject = A2102737299504A00007C524 /* Project object */;
}
